
Microsoft Visual Studio Solution File, Format Version 12.00
# Visual Studio Version 17
VisualStudioVersion = 17.1.32421.90
MinimumVisualStudioVersion = 10.0.40219.1
Project("{FAE04EC0-301F-11D3-BF4B-00C04F79EFBC}") = "SurveyManager", "SurveyManager\SurveyManager.csproj", "{0618DF99-AD79-411B-89EC-958EDA45732E}"
EndProject
Global
	GlobalSection(SolutionConfigurationPlatforms) = preSolution
		Debug|Any CPU = Debug|Any CPU
		Release|Any CPU = Release|Any CPU
	EndGlobalSection
	GlobalSection(ProjectConfigurationPlatforms) = postSolution
		{0618DF99-AD79-411B-89EC-958EDA45732E}.Debug|Any CPU.ActiveCfg = Debug|Any CPU
		{0618DF99-AD79-411B-89EC-958EDA45732E}.Debug|Any CPU.Build.0 = Debug|Any CPU
		{0618DF99-AD79-411B-89EC-958EDA45732E}.Release|Any CPU.ActiveCfg = Release|Any CPU
		{0618DF99-AD79-411B-89EC-958EDA45732E}.Release|Any CPU.Build.0 = Release|Any CPU
	EndGlobalSection
	GlobalSection(SolutionProperties) = preSolution
		HideSolutionNode = FALSE
	EndGlobalSection
	GlobalSection(ExtensibilityGlobals) = postSolution
		SolutionGuid = {8D395AA1-DD57-4074-9DA5-A3550EAB35CA}
	EndGlobalSection
EndGlobal
